
Microsoft Visual Studio Solution File, Format Version 12.00
# Visual Studio Version 17
VisualStudioVersion = 17.0.31903.59
MinimumVisualStudioVersion = 10.0.40219.1
Project("{2150E333-8FDC-42A3-9474-1A3956D46DE8}") = "src", "src", "{827E0CD3-B72D-47B6-A68D-7590B98EB39B}"
EndProject
Project("{FAE04EC0-301F-11D3-BF4B-00C04F79EFBC}") = "DndGame.Domain", "src\DndGame.Domain\DndGame.Domain.csproj", "{ED9D7905-F61C-48A0-9550-375A6803D2B2}"
EndProject
Project("{FAE04EC0-301F-11D3-BF4B-00C04F79EFBC}") = "DndGame.Data", "src\DndGame.Data\DndGame.Data.csproj", "{6A243081-F8D0-4611-8503-54F0E18DCAF4}"
EndProject
Project("{FAE04EC0-301F-11D3-BF4B-00C04F79EFBC}") = "DndGame.Api", "src\DndGame.Api\DndGame.Api.csproj", "{2D11273A-D19A-4A99-AB56-08499973AAC1}"
EndProject
Global
	GlobalSection(SolutionConfigurationPlatforms) = preSolution
		Debug|Any CPU = Debug|Any CPU
		Debug|x64 = Debug|x64
		Debug|x86 = Debug|x86
		Release|Any CPU = Release|Any CPU
		Release|x64 = Release|x64
		Release|x86 = Release|x86
	EndGlobalSection
	GlobalSection(ProjectConfigurationPlatforms) = postSolution
		{ED9D7905-F61C-48A0-9550-375A6803D2B2}.Debug|Any CPU.ActiveCfg = Debug|Any CPU
		{ED9D7905-F61C-48A0-9550-375A6803D2B2}.Debug|Any CPU.Build.0 = Debug|Any CPU
		{ED9D7905-F61C-48A0-9550-375A6803D2B2}.Debug|x64.ActiveCfg = Debug|Any CPU
		{ED9D7905-F61C-48A0-9550-375A6803D2B2}.Debug|x64.Build.0 = Debug|Any CPU
		{ED9D7905-F61C-48A0-9550-375A6803D2B2}.Debug|x86.ActiveCfg = Debug|Any CPU
		{ED9D7905-F61C-48A0-9550-375A6803D2B2}.Debug|x86.Build.0 = Debug|Any CPU
		{ED9D7905-F61C-48A0-9550-375A6803D2B2}.Release|Any CPU.ActiveCfg = Release|Any CPU
		{ED9D7905-F61C-48A0-9550-375A6803D2B2}.Release|Any CPU.Build.0 = Release|Any CPU
		{ED9D7905-F61C-48A0-9550-375A6803D2B2}.Release|x64.ActiveCfg = Release|Any CPU
		{ED9D7905-F61C-48A0-9550-375A6803D2B2}.Release|x64.Build.0 = Release|Any CPU
		{ED9D7905-F61C-48A0-9550-375A6803D2B2}.Release|x86.ActiveCfg = Release|Any CPU
		{ED9D7905-F61C-48A0-9550-375A6803D2B2}.Release|x86.Build.0 = Release|Any CPU
		{6A243081-F8D0-4611-8503-54F0E18DCAF4}.Debug|Any CPU.ActiveCfg = Debug|Any CPU
		{6A243081-F8D0-4611-8503-54F0E18DCAF4}.Debug|Any CPU.Build.0 = Debug|Any CPU
		{6A243081-F8D0-4611-8503-54F0E18DCAF4}.Debug|x64.ActiveCfg = Debug|Any CPU
		{6A243081-F8D0-4611-8503-54F0E18DCAF4}.Debug|x64.Build.0 = Debug|Any CPU
		{6A243081-F8D0-4611-8503-54F0E18DCAF4}.Debug|x86.ActiveCfg = Debug|Any CPU
		{6A243081-F8D0-4611-8503-54F0E18DCAF4}.Debug|x86.Build.0 = Debug|Any CPU
		{6A243081-F8D0-4611-8503-54F0E18DCAF4}.Release|Any CPU.ActiveCfg = Release|Any CPU
		{6A243081-F8D0-4611-8503-54F0E18DCAF4}.Release|Any CPU.Build.0 = Release|Any CPU
		{6A243081-F8D0-4611-8503-54F0E18DCAF4}.Release|x64.ActiveCfg = Release|Any CPU
		{6A243081-F8D0-4611-8503-54F0E18DCAF4}.Release|x64.Build.0 = Release|Any CPU
		{6A243081-F8D0-4611-8503-54F0E18DCAF4}.Release|x86.ActiveCfg = Release|Any CPU
		{6A243081-F8D0-4611-8503-54F0E18DCAF4}.Release|x86.Build.0 = Release|Any CPU
		{2D11273A-D19A-4A99-AB56-08499973AAC1}.Debug|Any CPU.ActiveCfg = Debug|Any CPU
		{2D11273A-D19A-4A99-AB56-08499973AAC1}.Debug|Any CPU.Build.0 = Debug|Any CPU
		{2D11273A-D19A-4A99-AB56-08499973AAC1}.Debug|x64.ActiveCfg = Debug|Any CPU
		{2D11273A-D19A-4A99-AB56-08499973AAC1}.Debug|x64.Build.0 = Debug|Any CPU
		{2D11273A-D19A-4A99-AB56-08499973AAC1}.Debug|x86.ActiveCfg = Debug|Any CPU
		{2D11273A-D19A-4A99-AB56-08499973AAC1}.Debug|x86.Build.0 = Debug|Any CPU
		{2D11273A-D19A-4A99-AB56-08499973AAC1}.Release|Any CPU.ActiveCfg = Release|Any CPU
		{2D11273A-D19A-4A99-AB56-08499973AAC1}.Release|Any CPU.Build.0 = Release|Any CPU
		{2D11273A-D19A-4A99-AB56-08499973AAC1}.Release|x64.ActiveCfg = Release|Any CPU
		{2D11273A-D19A-4A99-AB56-08499973AAC1}.Release|x64.Build.0 = Release|Any CPU
		{2D11273A-D19A-4A99-AB56-08499973AAC1}.Release|x86.ActiveCfg = Release|Any CPU
		{2D11273A-D19A-4A99-AB56-08499973AAC1}.Release|x86.Build.0 = Release|Any CPU
	EndGlobalSection
	GlobalSection(SolutionProperties) = preSolution
		HideSolutionNode = FALSE
	EndGlobalSection
	GlobalSection(NestedProjects) = preSolution
		{ED9D7905-F61C-48A0-9550-375A6803D2B2} = {827E0CD3-B72D-47B6-A68D-7590B98EB39B}
		{6A243081-F8D0-4611-8503-54F0E18DCAF4} = {827E0CD3-B72D-47B6-A68D-7590B98EB39B}
		{2D11273A-D19A-4A99-AB56-08499973AAC1} = {827E0CD3-B72D-47B6-A68D-7590B98EB39B}
	EndGlobalSection
EndGlobal
